
Microsoft Visual Studio Solution File, Format Version 12.00
Project("{FAE04EC0-301F-11D3-BF4B-00C04F79EFBC}") = "Application", "src\Application\Application.csproj", "{44D399A1-7717-45FF-9901-9FD869215F39}"
EndProject
Project("{FAE04EC0-301F-11D3-BF4B-00C04F79EFBC}") = "Abstractions", "src\Abstractions\Abstractions.csproj", "{33B4CF55-34B3-494D-B07C-178ECD2B794B}"
EndProject
Project("{FAE04EC0-301F-11D3-BF4B-00C04F79EFBC}") = "Tests", "test\Tests\Tests.csproj", "{A2D72A25-9934-4AAF-A6CE-4FE0EE398711}"
EndProject
Project("{FAE04EC0-301F-11D3-BF4B-00C04F79EFBC}") = "Stores.Memory", "src\Stores.Memory\Stores.Memory.csproj", "{A50FB4C5-D962-44F1-9919-51E3BFF4325C}"
EndProject
Project("{FAE04EC0-301F-11D3-BF4B-00C04F79EFBC}") = "ServiceRegistration", "src\ServiceRegistration\ServiceRegistration.csproj", "{6CEAE3FB-CE47-4279-9D74-FCBB2EF5B595}"
EndProject
Project("{2150E333-8FDC-42A3-9474-1A3956D46DE8}") = "src", "src", "{7986335C-CF94-4643-8479-5FAB96359206}"
EndProject
Project("{2150E333-8FDC-42A3-9474-1A3956D46DE8}") = "test", "test", "{25A1AD5F-1FCD-4B5F-BED6-5DD7FB91C225}"
EndProject
Project("{FAE04EC0-301F-11D3-BF4B-00C04F79EFBC}") = "Tests.Application", "test\Tests.Application\Tests.Application.csproj", "{C8A23C24-89AF-4E03-B597-6C2A02AA8C84}"
EndProject
Project("{FAE04EC0-301F-11D3-BF4B-00C04F79EFBC}") = "Tests.ServiceRegistration", "test\Tests.ServiceRegistration\Tests.ServiceRegistration.csproj", "{84E644EA-D226-4367-AE68-1A761DF81C3D}"
EndProject
Project("{FAE04EC0-301F-11D3-BF4B-00C04F79EFBC}") = "Tests.Abstractions", "test\Tests.Abstractions\Tests.Abstractions.csproj", "{E0078467-F3CC-41AF-8B11-4EF0970D2A77}"
EndProject
Global
	GlobalSection(SolutionConfigurationPlatforms) = preSolution
		Debug|Any CPU = Debug|Any CPU
		Release|Any CPU = Release|Any CPU
	EndGlobalSection
	GlobalSection(ProjectConfigurationPlatforms) = postSolution
		{44D399A1-7717-45FF-9901-9FD869215F39}.Debug|Any CPU.ActiveCfg = Debug|Any CPU
		{44D399A1-7717-45FF-9901-9FD869215F39}.Debug|Any CPU.Build.0 = Debug|Any CPU
		{44D399A1-7717-45FF-9901-9FD869215F39}.Release|Any CPU.ActiveCfg = Release|Any CPU
		{44D399A1-7717-45FF-9901-9FD869215F39}.Release|Any CPU.Build.0 = Release|Any CPU
		{33B4CF55-34B3-494D-B07C-178ECD2B794B}.Debug|Any CPU.ActiveCfg = Debug|Any CPU
		{33B4CF55-34B3-494D-B07C-178ECD2B794B}.Debug|Any CPU.Build.0 = Debug|Any CPU
		{33B4CF55-34B3-494D-B07C-178ECD2B794B}.Release|Any CPU.ActiveCfg = Release|Any CPU
		{33B4CF55-34B3-494D-B07C-178ECD2B794B}.Release|Any CPU.Build.0 = Release|Any CPU
		{A2D72A25-9934-4AAF-A6CE-4FE0EE398711}.Debug|Any CPU.ActiveCfg = Debug|Any CPU
		{A2D72A25-9934-4AAF-A6CE-4FE0EE398711}.Debug|Any CPU.Build.0 = Debug|Any CPU
		{A2D72A25-9934-4AAF-A6CE-4FE0EE398711}.Release|Any CPU.ActiveCfg = Release|Any CPU
		{A2D72A25-9934-4AAF-A6CE-4FE0EE398711}.Release|Any CPU.Build.0 = Release|Any CPU
		{A50FB4C5-D962-44F1-9919-51E3BFF4325C}.Debug|Any CPU.ActiveCfg = Debug|Any CPU
		{A50FB4C5-D962-44F1-9919-51E3BFF4325C}.Debug|Any CPU.Build.0 = Debug|Any CPU
		{A50FB4C5-D962-44F1-9919-51E3BFF4325C}.Release|Any CPU.ActiveCfg = Release|Any CPU
		{A50FB4C5-D962-44F1-9919-51E3BFF4325C}.Release|Any CPU.Build.0 = Release|Any CPU
		{6CEAE3FB-CE47-4279-9D74-FCBB2EF5B595}.Debug|Any CPU.ActiveCfg = Debug|Any CPU
		{6CEAE3FB-CE47-4279-9D74-FCBB2EF5B595}.Debug|Any CPU.Build.0 = Debug|Any CPU
		{6CEAE3FB-CE47-4279-9D74-FCBB2EF5B595}.Release|Any CPU.ActiveCfg = Release|Any CPU
		{6CEAE3FB-CE47-4279-9D74-FCBB2EF5B595}.Release|Any CPU.Build.0 = Release|Any CPU
		{C8A23C24-89AF-4E03-B597-6C2A02AA8C84}.Debug|Any CPU.ActiveCfg = Debug|Any CPU
		{C8A23C24-89AF-4E03-B597-6C2A02AA8C84}.Debug|Any CPU.Build.0 = Debug|Any CPU
		{C8A23C24-89AF-4E03-B597-6C2A02AA8C84}.Release|Any CPU.ActiveCfg = Release|Any CPU
		{C8A23C24-89AF-4E03-B597-6C2A02AA8C84}.Release|Any CPU.Build.0 = Release|Any CPU
		{84E644EA-D226-4367-AE68-1A761DF81C3D}.Debug|Any CPU.ActiveCfg = Debug|Any CPU
		{84E644EA-D226-4367-AE68-1A761DF81C3D}.Debug|Any CPU.Build.0 = Debug|Any CPU
		{84E644EA-D226-4367-AE68-1A761DF81C3D}.Release|Any CPU.ActiveCfg = Release|Any CPU
		{84E644EA-D226-4367-AE68-1A761DF81C3D}.Release|Any CPU.Build.0 = Release|Any CPU
		{E0078467-F3CC-41AF-8B11-4EF0970D2A77}.Debug|Any CPU.ActiveCfg = Debug|Any CPU
		{E0078467-F3CC-41AF-8B11-4EF0970D2A77}.Debug|Any CPU.Build.0 = Debug|Any CPU
		{E0078467-F3CC-41AF-8B11-4EF0970D2A77}.Release|Any CPU.ActiveCfg = Release|Any CPU
		{E0078467-F3CC-41AF-8B11-4EF0970D2A77}.Release|Any CPU.Build.0 = Release|Any CPU
	EndGlobalSection
	GlobalSection(NestedProjects) = preSolution
		{33B4CF55-34B3-494D-B07C-178ECD2B794B} = {7986335C-CF94-4643-8479-5FAB96359206}
		{44D399A1-7717-45FF-9901-9FD869215F39} = {7986335C-CF94-4643-8479-5FAB96359206}
		{6CEAE3FB-CE47-4279-9D74-FCBB2EF5B595} = {7986335C-CF94-4643-8479-5FAB96359206}
		{A50FB4C5-D962-44F1-9919-51E3BFF4325C} = {7986335C-CF94-4643-8479-5FAB96359206}
		{A2D72A25-9934-4AAF-A6CE-4FE0EE398711} = {25A1AD5F-1FCD-4B5F-BED6-5DD7FB91C225}
		{C8A23C24-89AF-4E03-B597-6C2A02AA8C84} = {25A1AD5F-1FCD-4B5F-BED6-5DD7FB91C225}
		{84E644EA-D226-4367-AE68-1A761DF81C3D} = {25A1AD5F-1FCD-4B5F-BED6-5DD7FB91C225}
		{E0078467-F3CC-41AF-8B11-4EF0970D2A77} = {25A1AD5F-1FCD-4B5F-BED6-5DD7FB91C225}
	EndGlobalSection
EndGlobal
